
Microsoft Visual Studio Solution File, Format Version 12.00
# Visual Studio Version 17
VisualStudioVersion = 17.1.32414.318
MinimumVisualStudioVersion = 10.0.40219.1
Project("{8BC9CEB8-8B4A-11D0-8D11-00A0C91BC942}") = "飞机大战双人版", "飞机大战双人版\飞机大战双人版.vcxproj", "{3112E9BE-6B01-4C14-95B9-CADBA8DADF40}"
EndProject
Global
	GlobalSection(SolutionConfigurationPlatforms) = preSolution
		Debug|x64 = Debug|x64
		Debug|x86 = Debug|x86
		Release|x64 = Release|x64
		Release|x86 = Release|x86
	EndGlobalSection
	GlobalSection(ProjectConfigurationPlatforms) = postSolution
		{3112E9BE-6B01-4C14-95B9-CADBA8DADF40}.Debug|x64.ActiveCfg = Debug|x64
		{3112E9BE-6B01-4C14-95B9-CADBA8DADF40}.Debug|x64.Build.0 = Debug|x64
		{3112E9BE-6B01-4C14-95B9-CADBA8DADF40}.Debug|x86.ActiveCfg = Debug|Win32
		{3112E9BE-6B01-4C14-95B9-CADBA8DADF40}.Debug|x86.Build.0 = Debug|Win32
		{3112E9BE-6B01-4C14-95B9-CADBA8DADF40}.Release|x64.ActiveCfg = Release|x64
		{3112E9BE-6B01-4C14-95B9-CADBA8DADF40}.Release|x64.Build.0 = Release|x64
		{3112E9BE-6B01-4C14-95B9-CADBA8DADF40}.Release|x86.ActiveCfg = Release|Win32
		{3112E9BE-6B01-4C14-95B9-CADBA8DADF40}.Release|x86.Build.0 = Release|Win32
	EndGlobalSection
	GlobalSection(SolutionProperties) = preSolution
		HideSolutionNode = FALSE
	EndGlobalSection
	GlobalSection(ExtensibilityGlobals) = postSolution
		SolutionGuid = {48DB3137-DE73-4AA7-9A5F-49548A5A8F2C}
	EndGlobalSection
EndGlobal
